
Microsoft Visual Studio Solution File, Format Version 12.00
# Visual Studio Version 17
VisualStudioVersion = 17.0.31903.59
MinimumVisualStudioVersion = 10.0.40219.1
Project("{FAE04EC0-301F-11D3-BF4B-00C04F79EFBC}") = "SysLib", "SysLib\SysLib.csproj", "{823AF038-8C4D-4A81-B66A-45109B5FD34B}"
EndProject
Project("{FAE04EC0-301F-11D3-BF4B-00C04F79EFBC}") = "LogLib", "LogLib\LogLib.csproj", "{C1C31B61-9142-4020-A0EC-68010635FCE7}"
EndProject
Project("{FAE04EC0-301F-11D3-BF4B-00C04F79EFBC}") = "AppLib", "AppLib\AppLib.csproj", "{9B7830C4-3D86-4D7B-8DBA-4891BB740736}"
EndProject
Global
	GlobalSection(SolutionConfigurationPlatforms) = preSolution
		Debug|Any CPU = Debug|Any CPU
		Debug|x64 = Debug|x64
		Debug|x86 = Debug|x86
		Release|Any CPU = Release|Any CPU
		Release|x64 = Release|x64
		Release|x86 = Release|x86
	EndGlobalSection
	GlobalSection(ProjectConfigurationPlatforms) = postSolution
		{823AF038-8C4D-4A81-B66A-45109B5FD34B}.Debug|Any CPU.ActiveCfg = Debug|Any CPU
		{823AF038-8C4D-4A81-B66A-45109B5FD34B}.Debug|Any CPU.Build.0 = Debug|Any CPU
		{823AF038-8C4D-4A81-B66A-45109B5FD34B}.Debug|x64.ActiveCfg = Debug|Any CPU
		{823AF038-8C4D-4A81-B66A-45109B5FD34B}.Debug|x64.Build.0 = Debug|Any CPU
		{823AF038-8C4D-4A81-B66A-45109B5FD34B}.Debug|x86.ActiveCfg = Debug|Any CPU
		{823AF038-8C4D-4A81-B66A-45109B5FD34B}.Debug|x86.Build.0 = Debug|Any CPU
		{823AF038-8C4D-4A81-B66A-45109B5FD34B}.Release|Any CPU.ActiveCfg = Release|Any CPU
		{823AF038-8C4D-4A81-B66A-45109B5FD34B}.Release|Any CPU.Build.0 = Release|Any CPU
		{823AF038-8C4D-4A81-B66A-45109B5FD34B}.Release|x64.ActiveCfg = Release|Any CPU
		{823AF038-8C4D-4A81-B66A-45109B5FD34B}.Release|x64.Build.0 = Release|Any CPU
		{823AF038-8C4D-4A81-B66A-45109B5FD34B}.Release|x86.ActiveCfg = Release|Any CPU
		{823AF038-8C4D-4A81-B66A-45109B5FD34B}.Release|x86.Build.0 = Release|Any CPU
		{C1C31B61-9142-4020-A0EC-68010635FCE7}.Debug|Any CPU.ActiveCfg = Debug|Any CPU
		{C1C31B61-9142-4020-A0EC-68010635FCE7}.Debug|Any CPU.Build.0 = Debug|Any CPU
		{C1C31B61-9142-4020-A0EC-68010635FCE7}.Debug|x64.ActiveCfg = Debug|Any CPU
		{C1C31B61-9142-4020-A0EC-68010635FCE7}.Debug|x64.Build.0 = Debug|Any CPU
		{C1C31B61-9142-4020-A0EC-68010635FCE7}.Debug|x86.ActiveCfg = Debug|Any CPU
		{C1C31B61-9142-4020-A0EC-68010635FCE7}.Debug|x86.Build.0 = Debug|Any CPU
		{C1C31B61-9142-4020-A0EC-68010635FCE7}.Release|Any CPU.ActiveCfg = Release|Any CPU
		{C1C31B61-9142-4020-A0EC-68010635FCE7}.Release|Any CPU.Build.0 = Release|Any CPU
		{C1C31B61-9142-4020-A0EC-68010635FCE7}.Release|x64.ActiveCfg = Release|Any CPU
		{C1C31B61-9142-4020-A0EC-68010635FCE7}.Release|x64.Build.0 = Release|Any CPU
		{C1C31B61-9142-4020-A0EC-68010635FCE7}.Release|x86.ActiveCfg = Release|Any CPU
		{C1C31B61-9142-4020-A0EC-68010635FCE7}.Release|x86.Build.0 = Release|Any CPU
		{9B7830C4-3D86-4D7B-8DBA-4891BB740736}.Debug|Any CPU.ActiveCfg = Debug|Any CPU
		{9B7830C4-3D86-4D7B-8DBA-4891BB740736}.Debug|Any CPU.Build.0 = Debug|Any CPU
		{9B7830C4-3D86-4D7B-8DBA-4891BB740736}.Debug|x64.ActiveCfg = Debug|Any CPU
		{9B7830C4-3D86-4D7B-8DBA-4891BB740736}.Debug|x64.Build.0 = Debug|Any CPU
		{9B7830C4-3D86-4D7B-8DBA-4891BB740736}.Debug|x86.ActiveCfg = Debug|Any CPU
		{9B7830C4-3D86-4D7B-8DBA-4891BB740736}.Debug|x86.Build.0 = Debug|Any CPU
		{9B7830C4-3D86-4D7B-8DBA-4891BB740736}.Release|Any CPU.ActiveCfg = Release|Any CPU
		{9B7830C4-3D86-4D7B-8DBA-4891BB740736}.Release|Any CPU.Build.0 = Release|Any CPU
		{9B7830C4-3D86-4D7B-8DBA-4891BB740736}.Release|x64.ActiveCfg = Release|Any CPU
		{9B7830C4-3D86-4D7B-8DBA-4891BB740736}.Release|x64.Build.0 = Release|Any CPU
		{9B7830C4-3D86-4D7B-8DBA-4891BB740736}.Release|x86.ActiveCfg = Release|Any CPU
		{9B7830C4-3D86-4D7B-8DBA-4891BB740736}.Release|x86.Build.0 = Release|Any CPU
	EndGlobalSection
	GlobalSection(SolutionProperties) = preSolution
		HideSolutionNode = FALSE
	EndGlobalSection
EndGlobal
