
Microsoft Visual Studio Solution File, Format Version 12.00
# Visual Studio Version 17
VisualStudioVersion = 17.0.31903.59
MinimumVisualStudioVersion = 10.0.40219.1
Project("{FAE04EC0-301F-11D3-BF4B-00C04F79EFBC}") = "SysLib", "SysLib\SysLib.csproj", "{823AF038-8C4D-4A81-B66A-45109B5FD34B}"
EndProject
Project("{FAE04EC0-301F-11D3-BF4B-00C04F79EFBC}") = "LogLib", "LogLib\LogLib.csproj", "{C1C31B61-9142-4020-A0EC-68010635FCE7}"
EndProject
Project("{FAE04EC0-301F-11D3-BF4B-00C04F79EFBC}") = "AppLib", "AppLib\AppLib.csproj", "{9B7830C4-3D86-4D7B-8DBA-4891BB740736}"
EndProject
Project("{FAE04EC0-301F-11D3-BF4B-00C04F79EFBC}") = "TestApp", "TestApp\TestApp.csproj", "{6CF0D10A-0768-40BA-87F6-F872FCF8FFC1}"
EndProject
Project("{FAE04EC0-301F-11D3-BF4B-00C04F79EFBC}") = "HttpLib", "HttpLib\HttpLib.csproj", "{678A64BC-1D19-419D-A73F-2EDCEDEB6810}"
EndProject
Project("{FAE04EC0-301F-11D3-BF4B-00C04F79EFBC}") = "SQLiteLib", "SQLiteLib\SQLiteLib.csproj", "{E64ACD13-CB5E-447F-BEA9-42488E73D7DB}"
EndProject
Project("{FAE04EC0-301F-11D3-BF4B-00C04F79EFBC}") = "SecLib", "SecLib\SecLib.csproj", "{AEB7DDBD-C61B-4B82-B043-A8E0729B2286}"
EndProject
Global
	GlobalSection(SolutionConfigurationPlatforms) = preSolution
		Debug|Any CPU = Debug|Any CPU
		Debug|x64 = Debug|x64
		Debug|x86 = Debug|x86
		Release|Any CPU = Release|Any CPU
		Release|x64 = Release|x64
		Release|x86 = Release|x86
	EndGlobalSection
	GlobalSection(ProjectConfigurationPlatforms) = postSolution
		{823AF038-8C4D-4A81-B66A-45109B5FD34B}.Debug|Any CPU.ActiveCfg = Debug|Any CPU
		{823AF038-8C4D-4A81-B66A-45109B5FD34B}.Debug|Any CPU.Build.0 = Debug|Any CPU
		{823AF038-8C4D-4A81-B66A-45109B5FD34B}.Debug|x64.ActiveCfg = Debug|Any CPU
		{823AF038-8C4D-4A81-B66A-45109B5FD34B}.Debug|x64.Build.0 = Debug|Any CPU
		{823AF038-8C4D-4A81-B66A-45109B5FD34B}.Debug|x86.ActiveCfg = Debug|Any CPU
		{823AF038-8C4D-4A81-B66A-45109B5FD34B}.Debug|x86.Build.0 = Debug|Any CPU
		{823AF038-8C4D-4A81-B66A-45109B5FD34B}.Release|Any CPU.ActiveCfg = Release|Any CPU
		{823AF038-8C4D-4A81-B66A-45109B5FD34B}.Release|Any CPU.Build.0 = Release|Any CPU
		{823AF038-8C4D-4A81-B66A-45109B5FD34B}.Release|x64.ActiveCfg = Release|Any CPU
		{823AF038-8C4D-4A81-B66A-45109B5FD34B}.Release|x64.Build.0 = Release|Any CPU
		{823AF038-8C4D-4A81-B66A-45109B5FD34B}.Release|x86.ActiveCfg = Release|Any CPU
		{823AF038-8C4D-4A81-B66A-45109B5FD34B}.Release|x86.Build.0 = Release|Any CPU
		{C1C31B61-9142-4020-A0EC-68010635FCE7}.Debug|Any CPU.ActiveCfg = Debug|Any CPU
		{C1C31B61-9142-4020-A0EC-68010635FCE7}.Debug|Any CPU.Build.0 = Debug|Any CPU
		{C1C31B61-9142-4020-A0EC-68010635FCE7}.Debug|x64.ActiveCfg = Debug|Any CPU
		{C1C31B61-9142-4020-A0EC-68010635FCE7}.Debug|x64.Build.0 = Debug|Any CPU
		{C1C31B61-9142-4020-A0EC-68010635FCE7}.Debug|x86.ActiveCfg = Debug|Any CPU
		{C1C31B61-9142-4020-A0EC-68010635FCE7}.Debug|x86.Build.0 = Debug|Any CPU
		{C1C31B61-9142-4020-A0EC-68010635FCE7}.Release|Any CPU.ActiveCfg = Release|Any CPU
		{C1C31B61-9142-4020-A0EC-68010635FCE7}.Release|Any CPU.Build.0 = Release|Any CPU
		{C1C31B61-9142-4020-A0EC-68010635FCE7}.Release|x64.ActiveCfg = Release|Any CPU
		{C1C31B61-9142-4020-A0EC-68010635FCE7}.Release|x64.Build.0 = Release|Any CPU
		{C1C31B61-9142-4020-A0EC-68010635FCE7}.Release|x86.ActiveCfg = Release|Any CPU
		{C1C31B61-9142-4020-A0EC-68010635FCE7}.Release|x86.Build.0 = Release|Any CPU
		{9B7830C4-3D86-4D7B-8DBA-4891BB740736}.Debug|Any CPU.ActiveCfg = Debug|Any CPU
		{9B7830C4-3D86-4D7B-8DBA-4891BB740736}.Debug|Any CPU.Build.0 = Debug|Any CPU
		{9B7830C4-3D86-4D7B-8DBA-4891BB740736}.Debug|x64.ActiveCfg = Debug|Any CPU
		{9B7830C4-3D86-4D7B-8DBA-4891BB740736}.Debug|x64.Build.0 = Debug|Any CPU
		{9B7830C4-3D86-4D7B-8DBA-4891BB740736}.Debug|x86.ActiveCfg = Debug|Any CPU
		{9B7830C4-3D86-4D7B-8DBA-4891BB740736}.Debug|x86.Build.0 = Debug|Any CPU
		{9B7830C4-3D86-4D7B-8DBA-4891BB740736}.Release|Any CPU.ActiveCfg = Release|Any CPU
		{9B7830C4-3D86-4D7B-8DBA-4891BB740736}.Release|Any CPU.Build.0 = Release|Any CPU
		{9B7830C4-3D86-4D7B-8DBA-4891BB740736}.Release|x64.ActiveCfg = Release|Any CPU
		{9B7830C4-3D86-4D7B-8DBA-4891BB740736}.Release|x64.Build.0 = Release|Any CPU
		{9B7830C4-3D86-4D7B-8DBA-4891BB740736}.Release|x86.ActiveCfg = Release|Any CPU
		{9B7830C4-3D86-4D7B-8DBA-4891BB740736}.Release|x86.Build.0 = Release|Any CPU
		{6CF0D10A-0768-40BA-87F6-F872FCF8FFC1}.Debug|Any CPU.ActiveCfg = Debug|Any CPU
		{6CF0D10A-0768-40BA-87F6-F872FCF8FFC1}.Debug|Any CPU.Build.0 = Debug|Any CPU
		{6CF0D10A-0768-40BA-87F6-F872FCF8FFC1}.Debug|x64.ActiveCfg = Debug|Any CPU
		{6CF0D10A-0768-40BA-87F6-F872FCF8FFC1}.Debug|x64.Build.0 = Debug|Any CPU
		{6CF0D10A-0768-40BA-87F6-F872FCF8FFC1}.Debug|x86.ActiveCfg = Debug|Any CPU
		{6CF0D10A-0768-40BA-87F6-F872FCF8FFC1}.Debug|x86.Build.0 = Debug|Any CPU
		{6CF0D10A-0768-40BA-87F6-F872FCF8FFC1}.Release|Any CPU.ActiveCfg = Release|Any CPU
		{6CF0D10A-0768-40BA-87F6-F872FCF8FFC1}.Release|Any CPU.Build.0 = Release|Any CPU
		{6CF0D10A-0768-40BA-87F6-F872FCF8FFC1}.Release|x64.ActiveCfg = Release|Any CPU
		{6CF0D10A-0768-40BA-87F6-F872FCF8FFC1}.Release|x64.Build.0 = Release|Any CPU
		{6CF0D10A-0768-40BA-87F6-F872FCF8FFC1}.Release|x86.ActiveCfg = Release|Any CPU
		{6CF0D10A-0768-40BA-87F6-F872FCF8FFC1}.Release|x86.Build.0 = Release|Any CPU
		{678A64BC-1D19-419D-A73F-2EDCEDEB6810}.Debug|Any CPU.ActiveCfg = Debug|Any CPU
		{678A64BC-1D19-419D-A73F-2EDCEDEB6810}.Debug|Any CPU.Build.0 = Debug|Any CPU
		{678A64BC-1D19-419D-A73F-2EDCEDEB6810}.Debug|x64.ActiveCfg = Debug|Any CPU
		{678A64BC-1D19-419D-A73F-2EDCEDEB6810}.Debug|x64.Build.0 = Debug|Any CPU
		{678A64BC-1D19-419D-A73F-2EDCEDEB6810}.Debug|x86.ActiveCfg = Debug|Any CPU
		{678A64BC-1D19-419D-A73F-2EDCEDEB6810}.Debug|x86.Build.0 = Debug|Any CPU
		{678A64BC-1D19-419D-A73F-2EDCEDEB6810}.Release|Any CPU.ActiveCfg = Release|Any CPU
		{678A64BC-1D19-419D-A73F-2EDCEDEB6810}.Release|Any CPU.Build.0 = Release|Any CPU
		{678A64BC-1D19-419D-A73F-2EDCEDEB6810}.Release|x64.ActiveCfg = Release|Any CPU
		{678A64BC-1D19-419D-A73F-2EDCEDEB6810}.Release|x64.Build.0 = Release|Any CPU
		{678A64BC-1D19-419D-A73F-2EDCEDEB6810}.Release|x86.ActiveCfg = Release|Any CPU
		{678A64BC-1D19-419D-A73F-2EDCEDEB6810}.Release|x86.Build.0 = Release|Any CPU
		{E64ACD13-CB5E-447F-BEA9-42488E73D7DB}.Debug|Any CPU.ActiveCfg = Debug|Any CPU
		{E64ACD13-CB5E-447F-BEA9-42488E73D7DB}.Debug|Any CPU.Build.0 = Debug|Any CPU
		{E64ACD13-CB5E-447F-BEA9-42488E73D7DB}.Debug|x64.ActiveCfg = Debug|Any CPU
		{E64ACD13-CB5E-447F-BEA9-42488E73D7DB}.Debug|x64.Build.0 = Debug|Any CPU
		{E64ACD13-CB5E-447F-BEA9-42488E73D7DB}.Debug|x86.ActiveCfg = Debug|Any CPU
		{E64ACD13-CB5E-447F-BEA9-42488E73D7DB}.Debug|x86.Build.0 = Debug|Any CPU
		{E64ACD13-CB5E-447F-BEA9-42488E73D7DB}.Release|Any CPU.ActiveCfg = Release|Any CPU
		{E64ACD13-CB5E-447F-BEA9-42488E73D7DB}.Release|Any CPU.Build.0 = Release|Any CPU
		{E64ACD13-CB5E-447F-BEA9-42488E73D7DB}.Release|x64.ActiveCfg = Release|Any CPU
		{E64ACD13-CB5E-447F-BEA9-42488E73D7DB}.Release|x64.Build.0 = Release|Any CPU
		{E64ACD13-CB5E-447F-BEA9-42488E73D7DB}.Release|x86.ActiveCfg = Release|Any CPU
		{E64ACD13-CB5E-447F-BEA9-42488E73D7DB}.Release|x86.Build.0 = Release|Any CPU
		{AEB7DDBD-C61B-4B82-B043-A8E0729B2286}.Debug|Any CPU.ActiveCfg = Debug|Any CPU
		{AEB7DDBD-C61B-4B82-B043-A8E0729B2286}.Debug|Any CPU.Build.0 = Debug|Any CPU
		{AEB7DDBD-C61B-4B82-B043-A8E0729B2286}.Debug|x64.ActiveCfg = Debug|Any CPU
		{AEB7DDBD-C61B-4B82-B043-A8E0729B2286}.Debug|x64.Build.0 = Debug|Any CPU
		{AEB7DDBD-C61B-4B82-B043-A8E0729B2286}.Debug|x86.ActiveCfg = Debug|Any CPU
		{AEB7DDBD-C61B-4B82-B043-A8E0729B2286}.Debug|x86.Build.0 = Debug|Any CPU
		{AEB7DDBD-C61B-4B82-B043-A8E0729B2286}.Release|Any CPU.ActiveCfg = Release|Any CPU
		{AEB7DDBD-C61B-4B82-B043-A8E0729B2286}.Release|Any CPU.Build.0 = Release|Any CPU
		{AEB7DDBD-C61B-4B82-B043-A8E0729B2286}.Release|x64.ActiveCfg = Release|Any CPU
		{AEB7DDBD-C61B-4B82-B043-A8E0729B2286}.Release|x64.Build.0 = Release|Any CPU
		{AEB7DDBD-C61B-4B82-B043-A8E0729B2286}.Release|x86.ActiveCfg = Release|Any CPU
		{AEB7DDBD-C61B-4B82-B043-A8E0729B2286}.Release|x86.Build.0 = Release|Any CPU
	EndGlobalSection
	GlobalSection(SolutionProperties) = preSolution
		HideSolutionNode = FALSE
	EndGlobalSection
	GlobalSection(ExtensibilityGlobals) = postSolution
		SolutionGuid = {92CAE242-513C-4753-8E23-E960A32F7F9F}
	EndGlobalSection
EndGlobal
